// !$*UTF8*$!
{
	archiveVersion = 1;
	classes = {
	};
	objectVersion = 46;
	objects = {

/* Begin PBXBuildFile section */
		FA95A3E71E73C04C001901AD /* AppDelegate.swift in Sources */ = {isa = PBXBuildFile; fileRef = FA95A3E61E73C04C001901AD /* AppDelegate.swift */; };
		FA95A3E91E73C04C001901AD /* ViewController.swift in Sources */ = {isa = PBXBuildFile; fileRef = FA95A3E81E73C04C001901AD /* ViewController.swift */; };
		FA95A3EC1E73C04C001901AD /* Main.storyboard in Resources */ = {isa = PBXBuildFile; fileRef = FA95A3EA1E73C04C001901AD /* Main.storyboard */; };
		FA95A3EE1E73C04C001901AD /* Assets.xcassets in Resources */ = {isa = PBXBuildFile; fileRef = FA95A3ED1E73C04C001901AD /* Assets.xcassets */; };
		FA95A3F11E73C04C001901AD /* LaunchScreen.storyboard in Resources */ = {isa = PBXBuildFile; fileRef = FA95A3EF1E73C04C001901AD /* LaunchScreen.storyboard */; };
/* End PBXBuildFile section */

/* Begin PBXFileReference section */
		FA95A3E31E73C04C001901AD /* order Cafe.app */ = {isa = PBXFileReference; explicitFileType = wrapper.application; includeInIndex = 0; path = "order Cafe.app"; sourceTree = BUILT_PRODUCTS_DIR; };
		FA95A3E61E73C04C001901AD /* AppDelegate.swift */ = {isa = PBXFileReference; lastKnownFileType = sourcecode.swift; path = AppDelegate.swift; sourceTree = "<group>"; };
		FA95A3E81E73C04C001901AD /* ViewController.swift */ = {isa = PBXFileReference; lastKnownFileType = sourcecode.swift; path = ViewController.swift; sourceTree = "<group>"; };
		FA95A3EB1E73C04C001901AD /* Base */ = {isa = PBXFileReference; lastKnownFileType = file.storyboard; name = Base; path = Base.lproj/Main.storyboard; sourceTree = "<group>"; };
		FA95A3ED1E73C04C001901AD /* Assets.xcassets */ = {isa = PBXFileReference; lastKnownFileType = folder.assetcatalog; path = Assets.xcassets; sourceTree = "<group>"; };
		FA95A3F01E73C04C001901AD /* Base */ = {isa = PBXFileReference; lastKnownFileType = file.storyboard; name = Base; path = Base.lproj/LaunchScreen.storyboard; sourceTree = "<group>"; };
		FA95A3F21E73C04C001901AD /* Info.plist */ = {isa = PBXFileReference; lastKnownFileType = text.plist.xml; path = Info.plist; sourceTree = "<group>"; };
/* End PBXFileReference section */

/* Begin PBXFrameworksBuildPhase section */
		FA95A3E01E73C04C001901AD /* Frameworks */ = {
			isa = PBXFrameworksBuildPhase;
			buildActionMask = 2147483647;
			files = (
			);
			runOnlyForDeploymentPostprocessing = 0;
		};
/* End PBXFrameworksBuildPhase section */

/* Begin PBXGroup section */
		FA95A3DA1E73C04C001901AD = {
			isa = PBXGroup;
			children = (
				FA95A3E51E73C04C001901AD /* order Cafe */,
				FA95A3E41E73C04C001901AD /* Products */,
			);
			sourceTree = "<group>";
		};
		FA95A3E41E73C04C001901AD /* Products */ = {
			isa = PBXGroup;
			children = (
				FA95A3E31E73C04C001901AD /* order Cafe.app */,
			);
			name = Products;
			sourceTree = "<group>";
		};
		FA95A3E51E73C04C001901AD /* order Cafe */ = {
			isa = PBXGroup;
			children = (
				FA95A3E61E73C04C001901AD /* AppDelegate.swift */,
				FA95A3E81E73C04C001901AD /* ViewController.swift */,
				FA95A3EA1E73C04C001901AD /* Main.storyboard */,
				FA95A3ED1E73C04C001901AD /* Assets.xcassets */,
				FA95A3EF1E73C04C001901AD /* LaunchScreen.storyboard */,
				FA95A3F21E73C04C001901AD /* Info.plist */,
			);
			path = "order Cafe";
			sourceTree = "<group>";
		};
/* End PBXGroup section */

/* Begin PBXNativeTarget section */
		FA95A3E21E73C04C001901AD /* order Cafe */ = {
			isa = PBXNativeTarget;
			buildConfigurationList = FA95A3F51E73C04C001901AD /* Build configuration list for PBXNativeTarget "order Cafe" */;
			buildPhases = (
				FA95A3DF1E73C04C001901AD /* Sources */,
				FA95A3E01E73C04C001901AD /* Frameworks */,
				FA95A3E11E73C04C001901AD /* Resources */,
			);
			buildRules = (
			);
			dependencies = (
			);
			name = "order Cafe";
			productName = "order Cafe";
			productReference = FA95A3E31E73C04C001901AD /* order Cafe.app */;
			productType = "com.apple.product-type.application";
		};
/* End PBXNativeTarget section */

/* Begin PBXProject section */
		FA95A3DB1E73C04C001901AD /* Project object */ = {
			isa = PBXProject;
			attributes = {
				LastSwiftUpdateCheck = 0820;
				LastUpgradeCheck = 0820;
				ORGANIZATIONNAME = alex;
				TargetAttributes = {
					FA95A3E21E73C04C001901AD = {
						CreatedOnToolsVersion = 8.2.1;
						DevelopmentTeam = 6A7K9VGHXX;
						ProvisioningStyle = Automatic;
					};
				};
			};
			buildConfigurationList = FA95A3DE1E73C04C001901AD /* Build configuration list for PBXProject "order Cafe" */;
			compatibilityVersion = "Xcode 3.2";
			developmentRegion = English;
			hasScannedForEncodings = 0;
			knownRegions = (
				en,
				Base,
			);
			mainGroup = FA95A3DA1E73C04C001901AD;
			productRefGroup = FA95A3E41E73C04C001901AD /* Products */;
			projectDirPath = "";
			projectRoot = "";
			targets = (
				FA95A3E21E73C04C001901AD /* order Cafe */,
			);
		};
/* End PBXProject section */

/* Begin PBXResourcesBuildPhase section */
		FA95A3E11E73C04C001901AD /* Resources */ = {
			isa = PBXResourcesBuildPhase;
			buildActionMask = 2147483647;
			files = (
				FA95A3F11E73C04C001901AD /* LaunchScreen.storyboard in Resources */,
				FA95A3EE1E73C04C001901AD /* Assets.xcassets in Resources */,
				FA95A3EC1E73C04C001901AD /* Main.storyboard in Resources */,
			);
			runOnlyForDeploymentPostprocessing = 0;
		};
/* End PBXResourcesBuildPhase section */

/* Begin PBXSourcesBuildPhase section */
		FA95A3DF1E73C04C001901AD /* Sources */ = {
			isa = PBXSourcesBuildPhase;
			buildActionMask = 2147483647;
			files = (
				FA95A3E91E73C04C001901AD /* ViewController.swift in Sources */,
				FA95A3E71E73C04C001901AD /* AppDelegate.swift in Sources */,
			);
			runOnlyForDeploymentPostprocessing = 0;
		};
/* End PBXSourcesBuildPhase section */

/* Begin PBXVariantGroup section */
		FA95A3EA1E73C04C001901AD /* Main.storyboard */ = {
			isa = PBXVariantGroup;
			children = (
				FA95A3EB1E73C04C001901AD /* Base */,
			);
			name = Main.storyboard;
			sourceTree = "<group>";
		};
		FA95A3EF1E73C04C001901AD /* LaunchScreen.storyboard */ = {
			isa = PBXVariantGroup;
			children = (
				FA95A3F01E73C04C001901AD /* Base */,
			);
			name = LaunchScreen.storyboard;
			sourceTree = "<group>";
		};
/* End PBXVariantGroup section */

/* Begin XCBuildConfiguration section */
		FA95A3F31E73C04C001901AD /* Debug */ = {
			isa = XCBuildConfiguration;
			buildSettings = {
				ALWAYS_SEARCH_USER_PATHS = NO;
				CLANG_ANALYZER_NONNULL = YES;
				CLANG_CXX_LANGUAGE_STANDARD = "gnu++0x";
				CLANG_CXX_LIBRARY = "libc++";
				CLANG_ENABLE_MODULES = YES;
				CLANG_ENABLE_OBJC_ARC = YES;
				CLANG_WARN_BOOL_CONVERSION = YES;
				CLANG_WARN_CONSTANT_CONVERSION = YES;
				CLANG_WARN_DIRECT_OBJC_ISA_USAGE = YES_ERROR;
				CLANG_WARN_DOCUMENTATION_COMMENTS = YES;
				CLANG_WARN_EMPTY_BODY = YES;
				CLANG_WARN_ENUM_CONVERSION = YES;
				CLANG_WARN_INFINITE_RECURSION = YES;
				CLANG_WARN_INT_CONVERSION = YES;
				CLANG_WARN_OBJC_ROOT_CLASS = YES_ERROR;
				CLANG_WARN_SUSPICIOUS_MOVE = YES;
				CLANG_WARN_UNREACHABLE_CODE = YES;
				CLANG_WARN__DUPLICATE_METHOD_MATCH = YES;
				"CODE_SIGN_IDENTITY[sdk=iphoneos*]" = "iPhone Developer";
				COPY_PHASE_STRIP = NO;
				DEBUG_INFORMATION_FORMAT = dwarf;
				ENABLE_STRICT_OBJC_MSGSEND = YES;
				ENABLE_TESTABILITY = YES;
				GCC_C_LANGUAGE_STANDARD = gnu99;
				GCC_DYNAMIC_NO_PIC = NO;
				GCC_NO_COMMON_BLOCKS = YES;
				GCC_OPTIMIZATION_LEVEL = 0;
				GCC_PREPROCESSOR_DEFINITIONS = (
					"DEBUG=1",
					"$(inherited)",
				);
				GCC_WARN_64_TO_32_BIT_CONVERSION = YES;
				GCC_WARN_ABOUT_RETURN_TYPE = YES_ERROR;
				GCC_WARN_UNDECLARED_SELECTOR = YES;
				GCC_WARN_UNINITIALIZED_AUTOS = YES_AGGRESSIVE;
				GCC_WARN_UNUSED_FUNCTION = YES;
				GCC_WARN_UNUSED_VARIABLE = YES;
				IPHONEOS_DEPLOYMENT_TARGET = 10.2;
				MTL_ENABLE_DEBUG_INFO = YES;
				ONLY_ACTIVE_ARCH = YES;
				SDKROOT = iphoneos;
				SWIFT_ACTIVE_COMPILATION_CONDITIONS = DEBUG;
				SWIFT_OPTIMIZATION_LEVEL = "-Onone";
			};
			name = Debug;
		};
		FA95A3F41E73C04C001901AD /* Release */ = {
			isa = XCBuildConfiguration;
			buildSettings = {
				ALWAYS_SEARCH_USER_PATHS = NO;
				CLANG_ANALYZER_NONNULL = YES;
				CLANG_CXX_LANGUAGE_STANDARD = "gnu++0x";
				CLANG_CXX_LIBRARY = "libc++";
				CLANG_ENABLE_MODULES = YES;
				CLANG_ENABLE_OBJC_ARC = YES;
				CLANG_WARN_BOOL_CONVERSION = YES;
				CLANG_WARN_CONSTANT_CONVERSION = YES;
				CLANG_WARN_DIRECT_OBJC_ISA_USAGE = YES_ERROR;
				CLANG_WARN_DOCUMENTATION_COMMENTS = YES;
				CLANG_WARN_EMPTY_BODY = YES;
				CLANG_WARN_ENUM_CONVERSION = YES;
				CLANG_WARN_INFINITE_RECURSION = YES;
				CLANG_WARN_INT_CONVERSION = YES;
				CLANG_WARN_OBJC_ROOT_CLASS = YES_ERROR;
				CLANG_WARN_SUSPICIOUS_MOVE = YES;
				CLANG_WARN_UNREACHABLE_CODE = YES;
				CLANG_WARN__DUPLICATE_METHOD_MATCH = YES;
				"CODE_SIGN_IDENTITY[sdk=iphoneos*]" = "iPhone Developer";
				COPY_PHASE_STRIP = NO;
				DEBUG_INFORMATION_FORMAT = "dwarf-with-dsym";
				ENABLE_NS_ASSERTIONS = NO;
				ENABLE_STRICT_OBJC_MSGSEND = YES;
				GCC_C_LANGUAGE_STANDARD = gnu99;
				GCC_NO_COMMON_BLOCKS = YES;
				GCC_WARN_64_TO_32_BIT_CONVERSION = YES;
				GCC_WARN_ABOUT_RETURN_TYPE = YES_ERROR;
				GCC_WARN_UNDECLARED_SELECTOR = YES;
				GCC_WARN_UNINITIALIZED_AUTOS = YES_AGGRESSIVE;
				GCC_WARN_UNUSED_FUNCTION = YES;
				GCC_WARN_UNUSED_VARIABLE = YES;
				IPHONEOS_DEPLOYMENT_TARGET = 10.2;
				MTL_ENABLE_DEBUG_INFO = NO;
				SDKROOT = iphoneos;
				SWIFT_OPTIMIZATION_LEVEL = "-Owholemodule";
				VALIDATE_PRODUCT = YES;
			};
			name = Release;
		};
		FA95A3F61E73C04C001901AD /* Debug */ = {
			isa = XCBuildConfiguration;
			buildSettings = {
				ASSETCATALOG_COMPILER_APPICON_NAME = AppIcon;
				DEVELOPMENT_TEAM = 6A7K9VGHXX;
				INFOPLIST_FILE = "order Cafe/Info.plist";
				LD_RUNPATH_SEARCH_PATHS = "$(inherited) @executable_path/Frameworks";
				PRODUCT_BUNDLE_IDENTIFIER = "com.aau.order-Cafe";
				PRODUCT_NAME = "$(TARGET_NAME)";
				SWIFT_VERSION = 3.0;
			};
			name = Debug;
		};
		FA95A3F71E73C04C001901AD /* Release */ = {
			isa = XCBuildConfiguration;
			buildSettings = {
				ASSETCATALOG_COMPILER_APPICON_NAME = AppIcon;
				DEVELOPMENT_TEAM = 6A7K9VGHXX;
				INFOPLIST_FILE = "order Cafe/Info.plist";
				LD_RUNPATH_SEARCH_PATHS = "$(inherited) @executable_path/Frameworks";
				PRODUCT_BUNDLE_IDENTIFIER = "com.aau.order-Cafe";
				PRODUCT_NAME = "$(TARGET_NAME)";
				SWIFT_VERSION = 3.0;
			};
			name = Release;
		};
/* End XCBuildConfiguration section */

/* Begin XCConfigurationList section */
		FA95A3DE1E73C04C001901AD /* Build configuration list for PBXProject "order Cafe" */ = {
			isa = XCConfigurationList;
			buildConfigurations = (
				FA95A3F31E73C04C001901AD /* Debug */,
				FA95A3F41E73C04C001901AD /* Release */,
			);
			defaultConfigurationIsVisible = 0;
			defaultConfigurationName = Release;
		};
		FA95A3F51E73C04C001901AD /* Build configuration list for PBXNativeTarget "order Cafe" */ = {
			isa = XCConfigurationList;
			buildConfigurations = (
				FA95A3F61E73C04C001901AD /* Debug */,
				FA95A3F71E73C04C001901AD /* Release */,
			);
			defaultConfigurationIsVisible = 0;
		};
/* End XCConfigurationList section */
	};
	rootObject = FA95A3DB1E73C04C001901AD /* Project object */;
}
